
Microsoft Visual Studio Solution File, Format Version 12.00
# Visual Studio Version 16
VisualStudioVersion = 16.0.29613.14
MinimumVisualStudioVersion = 10.0.40219.1
Project("{FAE04EC0-301F-11D3-BF4B-00C04F79EFBC}") = "Jonpaulsalomon.JumpingOnTheClouds", "Jonpaulsalomon.JumpingOnTheClouds\Jonpaulsalomon.JumpingOnTheClouds.csproj", "{BE45E47A-C37F-463C-8AAA-670B5FDE8BFF}"
EndProject
Global
	GlobalSection(SolutionConfigurationPlatforms) = preSolution
		Debug|Any CPU = Debug|Any CPU
		Release|Any CPU = Release|Any CPU
	EndGlobalSection
	GlobalSection(ProjectConfigurationPlatforms) = postSolution
		{BE45E47A-C37F-463C-8AAA-670B5FDE8BFF}.Debug|Any CPU.ActiveCfg = Debug|Any CPU
		{BE45E47A-C37F-463C-8AAA-670B5FDE8BFF}.Debug|Any CPU.Build.0 = Debug|Any CPU
		{BE45E47A-C37F-463C-8AAA-670B5FDE8BFF}.Release|Any CPU.ActiveCfg = Release|Any CPU
		{BE45E47A-C37F-463C-8AAA-670B5FDE8BFF}.Release|Any CPU.Build.0 = Release|Any CPU
	EndGlobalSection
	GlobalSection(SolutionProperties) = preSolution
		HideSolutionNode = FALSE
	EndGlobalSection
	GlobalSection(ExtensibilityGlobals) = postSolution
		SolutionGuid = {E602DC07-1D5A-45E4-B82D-8D394C762D0B}
	EndGlobalSection
EndGlobal
